
Microsoft Visual Studio Solution File, Format Version 12.00
# Visual Studio Version 17
VisualStudioVersion = 17.14.36414.22
MinimumVisualStudioVersion = 10.0.40219.1
Project("{2150E333-8FDC-42A3-9474-1A3956D46DE8}") = "src", "src", "{02EA681E-C7D8-13C7-8484-4AC65E1B71E8}"
EndProject
Project("{2150E333-8FDC-42A3-9474-1A3956D46DE8}") = "API", "API", "{D5C7B29D-59F2-4D65-8708-EF43E5849B09}"
EndProject
Project("{2150E333-8FDC-42A3-9474-1A3956D46DE8}") = "UI", "UI", "{D7B07D5D-FA26-4642-9152-B3454DAAA19D}"
EndProject
Project("{FAE04EC0-301F-11D3-BF4B-00C04F79EFBC}") = "CMS.SharedKernel", "src\API\CMS.SharedKernel\CMS.SharedKernel.csproj", "{4D40AD2B-FF77-49E6-9FE5-2D35DF16BAE7}"
EndProject
Project("{FAE04EC0-301F-11D3-BF4B-00C04F79EFBC}") = "CMS.Domain", "src\API\CMS.Domain\CMS.Domain.csproj", "{5BF11209-497D-4785-B10A-60A70E47D403}"
EndProject
Project("{FAE04EC0-301F-11D3-BF4B-00C04F79EFBC}") = "CMS.Application", "src\API\CMS.Application\CMS.Application.csproj", "{CE761BC6-83EA-492B-B0EA-31E6375F26A8}"
EndProject
Project("{FAE04EC0-301F-11D3-BF4B-00C04F79EFBC}") = "CMS.Infrastructure", "src\API\CMS.Infrastructure\CMS.Infrastructure.csproj", "{39249481-C077-4B20-99D5-B164050AE21F}"
EndProject
Project("{FAE04EC0-301F-11D3-BF4B-00C04F79EFBC}") = "CMS.WebApi", "src\API\CMS.WebApi\CMS.WebApi.csproj", "{110B99B7-4E39-42AD-9405-69198BD80A14}"
EndProject
Project("{FAE04EC0-301F-11D3-BF4B-00C04F79EFBC}") = "CMS.Blazor.Server.Panel", "src\UI\CMS.Blazor.Server.Panel\CMS.Blazor.Server.Panel.csproj", "{62790D95-3CE2-484A-BFFE-403D191A1C5B}"
EndProject
Global
	GlobalSection(SolutionConfigurationPlatforms) = preSolution
		Debug|Any CPU = Debug|Any CPU
		Release|Any CPU = Release|Any CPU
	EndGlobalSection
	GlobalSection(ProjectConfigurationPlatforms) = postSolution
		{4D40AD2B-FF77-49E6-9FE5-2D35DF16BAE7}.Debug|Any CPU.ActiveCfg = Debug|Any CPU
		{4D40AD2B-FF77-49E6-9FE5-2D35DF16BAE7}.Debug|Any CPU.Build.0 = Debug|Any CPU
		{4D40AD2B-FF77-49E6-9FE5-2D35DF16BAE7}.Release|Any CPU.ActiveCfg = Release|Any CPU
		{4D40AD2B-FF77-49E6-9FE5-2D35DF16BAE7}.Release|Any CPU.Build.0 = Release|Any CPU
		{5BF11209-497D-4785-B10A-60A70E47D403}.Debug|Any CPU.ActiveCfg = Debug|Any CPU
		{5BF11209-497D-4785-B10A-60A70E47D403}.Debug|Any CPU.Build.0 = Debug|Any CPU
		{5BF11209-497D-4785-B10A-60A70E47D403}.Release|Any CPU.ActiveCfg = Release|Any CPU
		{5BF11209-497D-4785-B10A-60A70E47D403}.Release|Any CPU.Build.0 = Release|Any CPU
		{CE761BC6-83EA-492B-B0EA-31E6375F26A8}.Debug|Any CPU.ActiveCfg = Debug|Any CPU
		{CE761BC6-83EA-492B-B0EA-31E6375F26A8}.Debug|Any CPU.Build.0 = Debug|Any CPU
		{CE761BC6-83EA-492B-B0EA-31E6375F26A8}.Release|Any CPU.ActiveCfg = Release|Any CPU
		{CE761BC6-83EA-492B-B0EA-31E6375F26A8}.Release|Any CPU.Build.0 = Release|Any CPU
		{39249481-C077-4B20-99D5-B164050AE21F}.Debug|Any CPU.ActiveCfg = Debug|Any CPU
		{39249481-C077-4B20-99D5-B164050AE21F}.Debug|Any CPU.Build.0 = Debug|Any CPU
		{39249481-C077-4B20-99D5-B164050AE21F}.Release|Any CPU.ActiveCfg = Release|Any CPU
		{39249481-C077-4B20-99D5-B164050AE21F}.Release|Any CPU.Build.0 = Release|Any CPU
		{110B99B7-4E39-42AD-9405-69198BD80A14}.Debug|Any CPU.ActiveCfg = Debug|Any CPU
		{110B99B7-4E39-42AD-9405-69198BD80A14}.Debug|Any CPU.Build.0 = Debug|Any CPU
		{110B99B7-4E39-42AD-9405-69198BD80A14}.Release|Any CPU.ActiveCfg = Release|Any CPU
		{110B99B7-4E39-42AD-9405-69198BD80A14}.Release|Any CPU.Build.0 = Release|Any CPU
		{62790D95-3CE2-484A-BFFE-403D191A1C5B}.Debug|Any CPU.ActiveCfg = Debug|Any CPU
		{62790D95-3CE2-484A-BFFE-403D191A1C5B}.Debug|Any CPU.Build.0 = Debug|Any CPU
		{62790D95-3CE2-484A-BFFE-403D191A1C5B}.Release|Any CPU.ActiveCfg = Release|Any CPU
		{62790D95-3CE2-484A-BFFE-403D191A1C5B}.Release|Any CPU.Build.0 = Release|Any CPU
	EndGlobalSection
	GlobalSection(SolutionProperties) = preSolution
		HideSolutionNode = FALSE
	EndGlobalSection
	GlobalSection(NestedProjects) = preSolution
		{D5C7B29D-59F2-4D65-8708-EF43E5849B09} = {02EA681E-C7D8-13C7-8484-4AC65E1B71E8}
		{D7B07D5D-FA26-4642-9152-B3454DAAA19D} = {02EA681E-C7D8-13C7-8484-4AC65E1B71E8}
		{4D40AD2B-FF77-49E6-9FE5-2D35DF16BAE7} = {D5C7B29D-59F2-4D65-8708-EF43E5849B09}
		{5BF11209-497D-4785-B10A-60A70E47D403} = {D5C7B29D-59F2-4D65-8708-EF43E5849B09}
		{CE761BC6-83EA-492B-B0EA-31E6375F26A8} = {D5C7B29D-59F2-4D65-8708-EF43E5849B09}
		{39249481-C077-4B20-99D5-B164050AE21F} = {D5C7B29D-59F2-4D65-8708-EF43E5849B09}
		{110B99B7-4E39-42AD-9405-69198BD80A14} = {D5C7B29D-59F2-4D65-8708-EF43E5849B09}
		{62790D95-3CE2-484A-BFFE-403D191A1C5B} = {D7B07D5D-FA26-4642-9152-B3454DAAA19D}
	EndGlobalSection
	GlobalSection(ExtensibilityGlobals) = postSolution
		SolutionGuid = {1F4D319C-F871-4C00-A0F2-46BB9B58A6A7}
	EndGlobalSection
EndGlobal
